
Microsoft Visual Studio Solution File, Format Version 12.00
# Visual Studio Version 17
VisualStudioVersion = 17.9.34728.123
MinimumVisualStudioVersion = 10.0.40219.1
Project("{9A19103F-16F7-4668-BE54-9A1E7A4F7556}") = "MergeThisPdf", "MergeThisPdf\MergeThisPdf.csproj", "{36E73CB7-D91C-4E51-AD3F-2209CE9932DA}"
EndProject
Global
	GlobalSection(SolutionConfigurationPlatforms) = preSolution
		Debug|Any CPU = Debug|Any CPU
		Debug|x64 = Debug|x64
		Release|Any CPU = Release|Any CPU
		Release|x64 = Release|x64
	EndGlobalSection
	GlobalSection(ProjectConfigurationPlatforms) = postSolution
		{36E73CB7-D91C-4E51-AD3F-2209CE9932DA}.Debug|Any CPU.ActiveCfg = Release|Any CPU
		{36E73CB7-D91C-4E51-AD3F-2209CE9932DA}.Debug|Any CPU.Build.0 = Release|Any CPU
		{36E73CB7-D91C-4E51-AD3F-2209CE9932DA}.Debug|Any CPU.Deploy.0 = Release|Any CPU
		{36E73CB7-D91C-4E51-AD3F-2209CE9932DA}.Debug|x64.ActiveCfg = Debug|x64
		{36E73CB7-D91C-4E51-AD3F-2209CE9932DA}.Debug|x64.Build.0 = Debug|x64
		{36E73CB7-D91C-4E51-AD3F-2209CE9932DA}.Debug|x64.Deploy.0 = Debug|x64
		{36E73CB7-D91C-4E51-AD3F-2209CE9932DA}.Release|Any CPU.ActiveCfg = Release|Any CPU
		{36E73CB7-D91C-4E51-AD3F-2209CE9932DA}.Release|Any CPU.Build.0 = Release|Any CPU
		{36E73CB7-D91C-4E51-AD3F-2209CE9932DA}.Release|Any CPU.Deploy.0 = Release|Any CPU
		{36E73CB7-D91C-4E51-AD3F-2209CE9932DA}.Release|x64.ActiveCfg = Release|x64
		{36E73CB7-D91C-4E51-AD3F-2209CE9932DA}.Release|x64.Build.0 = Release|x64
		{36E73CB7-D91C-4E51-AD3F-2209CE9932DA}.Release|x64.Deploy.0 = Release|x64
	EndGlobalSection
	GlobalSection(SolutionProperties) = preSolution
		HideSolutionNode = FALSE
	EndGlobalSection
	GlobalSection(ExtensibilityGlobals) = postSolution
		SolutionGuid = {2E6CE635-2C3C-4D17-8BC3-99E2EF275C79}
	EndGlobalSection
EndGlobal
